// !$*UTF8*$!
{
	archiveVersion = 1;
	classes = {
	};
	objectVersion = 50;
	objects = {

/* Begin PBXBuildFile section */
		4C0E01B3AE2A9A315A3646A0 /* Pods_GraphtasticRoutesTests.framework in Frameworks */ = {isa = PBXBuildFile; fileRef = 601FE0FC4A42A11E8FDE785A /* Pods_GraphtasticRoutesTests.framework */; };
		7DD5446261DEBAF674776811 /* Pods_GraphtasticRoutes.framework in Frameworks */ = {isa = PBXBuildFile; fileRef = 0BB97BFA07EB679215203F84 /* Pods_GraphtasticRoutes.framework */; };
		EA109E522320F09300C315E5 /* CircleAnnotation.swift in Sources */ = {isa = PBXBuildFile; fileRef = EA109E512320F09300C315E5 /* CircleAnnotation.swift */; };
		EA109E542320F0DF00C315E5 /* VertexPointAnnotation.swift in Sources */ = {isa = PBXBuildFile; fileRef = EA109E532320F0DF00C315E5 /* VertexPointAnnotation.swift */; };
		EA109E562320F1CB00C315E5 /* BubbleView.swift in Sources */ = {isa = PBXBuildFile; fileRef = EA109E552320F1CB00C315E5 /* BubbleView.swift */; };
		EA109E5A2320F22A00C315E5 /* Dot.swift in Sources */ = {isa = PBXBuildFile; fileRef = EA109E592320F22A00C315E5 /* Dot.swift */; };
		EA109E5C2320FBE700C315E5 /* AnimatedLabel.swift in Sources */ = {isa = PBXBuildFile; fileRef = EA109E5B2320FBE700C315E5 /* AnimatedLabel.swift */; };
		EA687435231A1E8F0099DAC4 /* AppDelegate.swift in Sources */ = {isa = PBXBuildFile; fileRef = EA687434231A1E8F0099DAC4 /* AppDelegate.swift */; };
		EA687437231A1E8F0099DAC4 /* ViewController.swift in Sources */ = {isa = PBXBuildFile; fileRef = EA687436231A1E8F0099DAC4 /* ViewController.swift */; };
		EA68743C231A1E900099DAC4 /* Assets.xcassets in Resources */ = {isa = PBXBuildFile; fileRef = EA68743B231A1E900099DAC4 /* Assets.xcassets */; };
		EA68744A231A1E910099DAC4 /* GraphtasticRoutesTests.swift in Sources */ = {isa = PBXBuildFile; fileRef = EA687449231A1E910099DAC4 /* GraphtasticRoutesTests.swift */; };
		EA687455231A1F560099DAC4 /* Vertex.swift in Sources */ = {isa = PBXBuildFile; fileRef = EA687454231A1F560099DAC4 /* Vertex.swift */; };
		EA687457231A20FC0099DAC4 /* Graph.swift in Sources */ = {isa = PBXBuildFile; fileRef = EA687456231A20FC0099DAC4 /* Graph.swift */; };
		EA687471231B64060099DAC4 /* HoverColors.swift in Sources */ = {isa = PBXBuildFile; fileRef = EA687470231B64060099DAC4 /* HoverColors.swift */; };
		EA687473231C21C20099DAC4 /* Edge.swift in Sources */ = {isa = PBXBuildFile; fileRef = EA687472231C21C20099DAC4 /* Edge.swift */; };
		EA687475231C439B0099DAC4 /* Graphs.swift in Sources */ = {isa = PBXBuildFile; fileRef = EA687474231C439B0099DAC4 /* Graphs.swift */; };
		EA687477231C479A0099DAC4 /* Locations.swift in Sources */ = {isa = PBXBuildFile; fileRef = EA687476231C479A0099DAC4 /* Locations.swift */; };
		EA687479231C73460099DAC4 /* LocationVertexImplentation.swift in Sources */ = {isa = PBXBuildFile; fileRef = EA687478231C73460099DAC4 /* LocationVertexImplentation.swift */; };
		EAC9288A231CA5EC006FF88C /* drone_lottie.json in Resources */ = {isa = PBXBuildFile; fileRef = EAC92889231CA5EC006FF88C /* drone_lottie.json */; };
		EAC92890231CCA84006FF88C /* earth_lottie.json in Resources */ = {isa = PBXBuildFile; fileRef = EAC9288F231CCA84006FF88C /* earth_lottie.json */; };
		EAC92892231CDE32006FF88C /* Rationale-Regular.ttf in Resources */ = {isa = PBXBuildFile; fileRef = EAC92891231CDCF1006FF88C /* Rationale-Regular.ttf */; };
		EAC92894231CE417006FF88C /* SplashView.swift in Sources */ = {isa = PBXBuildFile; fileRef = EAC92893231CE417006FF88C /* SplashView.swift */; };
		EAC9289A231D9269006FF88C /* GradientView.swift in Sources */ = {isa = PBXBuildFile; fileRef = EAC92899231D9269006FF88C /* GradientView.swift */; };
		EAC9289C231DB538006FF88C /* CustomButton.swift in Sources */ = {isa = PBXBuildFile; fileRef = EAC9289B231DB538006FF88C /* CustomButton.swift */; };
		EAC9289E231E0F2D006FF88C /* LaunchScreen.storyboard in Resources */ = {isa = PBXBuildFile; fileRef = EAC9289D231E0F2D006FF88C /* LaunchScreen.storyboard */; };
/* End PBXBuildFile section */

/* Begin PBXContainerItemProxy section */
		EA687446231A1E910099DAC4 /* PBXContainerItemProxy */ = {
			isa = PBXContainerItemProxy;
			containerPortal = EA687429231A1E8F0099DAC4 /* Project object */;
			proxyType = 1;
			remoteGlobalIDString = EA687430231A1E8F0099DAC4;
			remoteInfo = GraphtasticRoutes;
		};
/* End PBXContainerItemProxy section */

/* Begin PBXFileReference section */
		0BB97BFA07EB679215203F84 /* Pods_GraphtasticRoutes.framework */ = {isa = PBXFileReference; explicitFileType = wrapper.framework; includeInIndex = 0; path = Pods_GraphtasticRoutes.framework; sourceTree = BUILT_PRODUCTS_DIR; };
		2AD57B071170047FEB411DFD /* Pods-GraphtasticRoutes.release.xcconfig */ = {isa = PBXFileReference; includeInIndex = 1; lastKnownFileType = text.xcconfig; name = "Pods-GraphtasticRoutes.release.xcconfig"; path = "Target Support Files/Pods-GraphtasticRoutes/Pods-GraphtasticRoutes.release.xcconfig"; sourceTree = "<group>"; };
		4F85684DAF27468AA70EEA8D /* Pods-GraphtasticRoutes.debug.xcconfig */ = {isa = PBXFileReference; includeInIndex = 1; lastKnownFileType = text.xcconfig; name = "Pods-GraphtasticRoutes.debug.xcconfig"; path = "Target Support Files/Pods-GraphtasticRoutes/Pods-GraphtasticRoutes.debug.xcconfig"; sourceTree = "<group>"; };
		601FE0FC4A42A11E8FDE785A /* Pods_GraphtasticRoutesTests.framework */ = {isa = PBXFileReference; explicitFileType = wrapper.framework; includeInIndex = 0; path = Pods_GraphtasticRoutesTests.framework; sourceTree = BUILT_PRODUCTS_DIR; };
		671AD0B65AC0F8DA8911D9C0 /* Pods-GraphtasticRoutesTests.release.xcconfig */ = {isa = PBXFileReference; includeInIndex = 1; lastKnownFileType = text.xcconfig; name = "Pods-GraphtasticRoutesTests.release.xcconfig"; path = "Target Support Files/Pods-GraphtasticRoutesTests/Pods-GraphtasticRoutesTests.release.xcconfig"; sourceTree = "<group>"; };
		EA109E512320F09300C315E5 /* CircleAnnotation.swift */ = {isa = PBXFileReference; lastKnownFileType = sourcecode.swift; path = CircleAnnotation.swift; sourceTree = "<group>"; };
		EA109E532320F0DF00C315E5 /* VertexPointAnnotation.swift */ = {isa = PBXFileReference; lastKnownFileType = sourcecode.swift; path = VertexPointAnnotation.swift; sourceTree = "<group>"; };
		EA109E552320F1CB00C315E5 /* BubbleView.swift */ = {isa = PBXFileReference; lastKnownFileType = sourcecode.swift; path = BubbleView.swift; sourceTree = "<group>"; };
		EA109E592320F22A00C315E5 /* Dot.swift */ = {isa = PBXFileReference; lastKnownFileType = sourcecode.swift; path = Dot.swift; sourceTree = "<group>"; };
		EA109E5B2320FBE700C315E5 /* AnimatedLabel.swift */ = {isa = PBXFileReference; lastKnownFileType = sourcecode.swift; path = AnimatedLabel.swift; sourceTree = "<group>"; };
		EA687431231A1E8F0099DAC4 /* GraphtasticRoutes.app */ = {isa = PBXFileReference; explicitFileType = wrapper.application; includeInIndex = 0; path = GraphtasticRoutes.app; sourceTree = BUILT_PRODUCTS_DIR; };
		EA687434231A1E8F0099DAC4 /* AppDelegate.swift */ = {isa = PBXFileReference; lastKnownFileType = sourcecode.swift; path = AppDelegate.swift; sourceTree = "<group>"; };
		EA687436231A1E8F0099DAC4 /* ViewController.swift */ = {isa = PBXFileReference; lastKnownFileType = sourcecode.swift; path = ViewController.swift; sourceTree = "<group>"; };
		EA68743B231A1E900099DAC4 /* Assets.xcassets */ = {isa = PBXFileReference; lastKnownFileType = folder.assetcatalog; path = Assets.xcassets; sourceTree = "<group>"; };
		EA687440231A1E910099DAC4 /* Info.plist */ = {isa = PBXFileReference; lastKnownFileType = text.plist.xml; path = Info.plist; sourceTree = "<group>"; };
		EA687445231A1E910099DAC4 /* GraphtasticRoutesTests.xctest */ = {isa = PBXFileReference; explicitFileType = wrapper.cfbundle; includeInIndex = 0; path = GraphtasticRoutesTests.xctest; sourceTree = BUILT_PRODUCTS_DIR; };
		EA687449231A1E910099DAC4 /* GraphtasticRoutesTests.swift */ = {isa = PBXFileReference; lastKnownFileType = sourcecode.swift; path = GraphtasticRoutesTests.swift; sourceTree = "<group>"; };
		EA68744B231A1E910099DAC4 /* Info.plist */ = {isa = PBXFileReference; lastKnownFileType = text.plist.xml; path = Info.plist; sourceTree = "<group>"; };
		EA687454231A1F560099DAC4 /* Vertex.swift */ = {isa = PBXFileReference; lastKnownFileType = sourcecode.swift; path = Vertex.swift; sourceTree = "<group>"; };
		EA687456231A20FC0099DAC4 /* Graph.swift */ = {isa = PBXFileReference; lastKnownFileType = sourcecode.swift; path = Graph.swift; sourceTree = "<group>"; };
		EA687470231B64060099DAC4 /* HoverColors.swift */ = {isa = PBXFileReference; lastKnownFileType = sourcecode.swift; path = HoverColors.swift; sourceTree = "<group>"; };
		EA687472231C21C20099DAC4 /* Edge.swift */ = {isa = PBXFileReference; lastKnownFileType = sourcecode.swift; path = Edge.swift; sourceTree = "<group>"; };
		EA687474231C439B0099DAC4 /* Graphs.swift */ = {isa = PBXFileReference; lastKnownFileType = sourcecode.swift; path = Graphs.swift; sourceTree = "<group>"; };
		EA687476231C479A0099DAC4 /* Locations.swift */ = {isa = PBXFileReference; lastKnownFileType = sourcecode.swift; path = Locations.swift; sourceTree = "<group>"; };
		EA687478231C73460099DAC4 /* LocationVertexImplentation.swift */ = {isa = PBXFileReference; lastKnownFileType = sourcecode.swift; path = LocationVertexImplentation.swift; sourceTree = "<group>"; };
		EAC92889231CA5EC006FF88C /* drone_lottie.json */ = {isa = PBXFileReference; fileEncoding = 4; lastKnownFileType = text.json; path = drone_lottie.json; sourceTree = "<group>"; };
		EAC9288F231CCA84006FF88C /* earth_lottie.json */ = {isa = PBXFileReference; fileEncoding = 4; lastKnownFileType = text.json; path = earth_lottie.json; sourceTree = "<group>"; };
		EAC92891231CDCF1006FF88C /* Rationale-Regular.ttf */ = {isa = PBXFileReference; lastKnownFileType = file; path = "Rationale-Regular.ttf"; sourceTree = "<group>"; };
		EAC92893231CE417006FF88C /* SplashView.swift */ = {isa = PBXFileReference; lastKnownFileType = sourcecode.swift; path = SplashView.swift; sourceTree = "<group>"; };
		EAC92899231D9269006FF88C /* GradientView.swift */ = {isa = PBXFileReference; fileEncoding = 4; lastKnownFileType = sourcecode.swift; path = GradientView.swift; sourceTree = "<group>"; };
		EAC9289B231DB538006FF88C /* CustomButton.swift */ = {isa = PBXFileReference; lastKnownFileType = sourcecode.swift; path = CustomButton.swift; sourceTree = "<group>"; };
		EAC9289D231E0F2D006FF88C /* LaunchScreen.storyboard */ = {isa = PBXFileReference; lastKnownFileType = file.storyboard; path = LaunchScreen.storyboard; sourceTree = "<group>"; };
		F3C8DD95DF33195ACCF6694D /* Pods-GraphtasticRoutesTests.debug.xcconfig */ = {isa = PBXFileReference; includeInIndex = 1; lastKnownFileType = text.xcconfig; name = "Pods-GraphtasticRoutesTests.debug.xcconfig"; path = "Target Support Files/Pods-GraphtasticRoutesTests/Pods-GraphtasticRoutesTests.debug.xcconfig"; sourceTree = "<group>"; };
/* End PBXFileReference section */

/* Begin PBXFrameworksBuildPhase section */
		EA68742E231A1E8F0099DAC4 /* Frameworks */ = {
			isa = PBXFrameworksBuildPhase;
			buildActionMask = 2147483647;
			files = (
				7DD5446261DEBAF674776811 /* Pods_GraphtasticRoutes.framework in Frameworks */,
			);
			runOnlyForDeploymentPostprocessing = 0;
		};
		EA687442231A1E910099DAC4 /* Frameworks */ = {
			isa = PBXFrameworksBuildPhase;
			buildActionMask = 2147483647;
			files = (
				4C0E01B3AE2A9A315A3646A0 /* Pods_GraphtasticRoutesTests.framework in Frameworks */,
			);
			runOnlyForDeploymentPostprocessing = 0;
		};
/* End PBXFrameworksBuildPhase section */

/* Begin PBXGroup section */
		58AC5E110701AD73A47ADD47 /* Frameworks */ = {
			isa = PBXGroup;
			children = (
				0BB97BFA07EB679215203F84 /* Pods_GraphtasticRoutes.framework */,
				601FE0FC4A42A11E8FDE785A /* Pods_GraphtasticRoutesTests.framework */,
			);
			name = Frameworks;
			sourceTree = "<group>";
		};
		D2EA21A0374347939CE745FE /* Pods */ = {
			isa = PBXGroup;
			children = (
				4F85684DAF27468AA70EEA8D /* Pods-GraphtasticRoutes.debug.xcconfig */,
				2AD57B071170047FEB411DFD /* Pods-GraphtasticRoutes.release.xcconfig */,
				F3C8DD95DF33195ACCF6694D /* Pods-GraphtasticRoutesTests.debug.xcconfig */,
				671AD0B65AC0F8DA8911D9C0 /* Pods-GraphtasticRoutesTests.release.xcconfig */,
			);
			path = Pods;
			sourceTree = "<group>";
		};
		EA109E5D2322EEB800C315E5 /* Graph Data */ = {
			isa = PBXGroup;
			children = (
				EA687476231C479A0099DAC4 /* Locations.swift */,
				EA687474231C439B0099DAC4 /* Graphs.swift */,
			);
			path = "Graph Data";
			sourceTree = "<group>";
		};
		EA109E5E2322EF0B00C315E5 /* Lotties */ = {
			isa = PBXGroup;
			children = (
				EAC9288F231CCA84006FF88C /* earth_lottie.json */,
				EAC92889231CA5EC006FF88C /* drone_lottie.json */,
			);
			path = Lotties;
			sourceTree = "<group>";
		};
		EA109E5F2322EF2100C315E5 /* Views */ = {
			isa = PBXGroup;
			children = (
				EA109E532320F0DF00C315E5 /* VertexPointAnnotation.swift */,
				EA109E512320F09300C315E5 /* CircleAnnotation.swift */,
				EAC9289B231DB538006FF88C /* CustomButton.swift */,
				EA109E5B2320FBE700C315E5 /* AnimatedLabel.swift */,
				EAC92899231D9269006FF88C /* GradientView.swift */,
				EA109E552320F1CB00C315E5 /* BubbleView.swift */,
				EAC92893231CE417006FF88C /* SplashView.swift */,
				EA109E592320F22A00C315E5 /* Dot.swift */,
			);
			path = Views;
			sourceTree = "<group>";
		};
		EA109E602322EF7C00C315E5 /* Fonts */ = {
			isa = PBXGroup;
			children = (
				EAC92891231CDCF1006FF88C /* Rationale-Regular.ttf */,
			);
			path = Fonts;
			sourceTree = "<group>";
		};
		EA109E612322EFB900C315E5 /* Hover Colors */ = {
			isa = PBXGroup;
			children = (
				EA687470231B64060099DAC4 /* HoverColors.swift */,
			);
			path = "Hover Colors";
			sourceTree = "<group>";
		};
		EA109E622322EFDC00C315E5 /* Graph */ = {
			isa = PBXGroup;
			children = (
				EA687456231A20FC0099DAC4 /* Graph.swift */,
				EA687454231A1F560099DAC4 /* Vertex.swift */,
				EA687472231C21C20099DAC4 /* Edge.swift */,
				EA687478231C73460099DAC4 /* LocationVertexImplentation.swift */,
			);
			path = Graph;
			sourceTree = "<group>";
		};
		EA687428231A1E8E0099DAC4 = {
			isa = PBXGroup;
			children = (
				EA687433231A1E8F0099DAC4 /* GraphtasticRoutes */,
				EA687448231A1E910099DAC4 /* GraphtasticRoutesTests */,
				EA687432231A1E8F0099DAC4 /* Products */,
				D2EA21A0374347939CE745FE /* Pods */,
				58AC5E110701AD73A47ADD47 /* Frameworks */,
			);
			sourceTree = "<group>";
		};
		EA687432231A1E8F0099DAC4 /* Products */ = {
			isa = PBXGroup;
			children = (
				EA687431231A1E8F0099DAC4 /* GraphtasticRoutes.app */,
				EA687445231A1E910099DAC4 /* GraphtasticRoutesTests.xctest */,
			);
			name = Products;
			sourceTree = "<group>";
		};
		EA687433231A1E8F0099DAC4 /* GraphtasticRoutes */ = {
			isa = PBXGroup;
			children = (
				EA687434231A1E8F0099DAC4 /* AppDelegate.swift */,
				EA687436231A1E8F0099DAC4 /* ViewController.swift */,
				EA109E622322EFDC00C315E5 /* Graph */,
				EA109E5D2322EEB800C315E5 /* Graph Data */,
				EA109E612322EFB900C315E5 /* Hover Colors */,
				EA109E5E2322EF0B00C315E5 /* Lotties */,
				EA109E5F2322EF2100C315E5 /* Views */,
				EA109E602322EF7C00C315E5 /* Fonts */,
				EA68743B231A1E900099DAC4 /* Assets.xcassets */,
				EA687440231A1E910099DAC4 /* Info.plist */,
				EAC9289D231E0F2D006FF88C /* LaunchScreen.storyboard */,
			);
			path = GraphtasticRoutes;
			sourceTree = "<group>";
		};
		EA687448231A1E910099DAC4 /* GraphtasticRoutesTests */ = {
			isa = PBXGroup;
			children = (
				EA687449231A1E910099DAC4 /* GraphtasticRoutesTests.swift */,
				EA68744B231A1E910099DAC4 /* Info.plist */,
			);
			path = GraphtasticRoutesTests;
			sourceTree = "<group>";
		};
/* End PBXGroup section */

/* Begin PBXNativeTarget section */
		EA687430231A1E8F0099DAC4 /* GraphtasticRoutes */ = {
			isa = PBXNativeTarget;
			buildConfigurationList = EA68744E231A1E910099DAC4 /* Build configuration list for PBXNativeTarget "GraphtasticRoutes" */;
			buildPhases = (
				B55A7F6EA62366222BD6BA41 /* [CP] Check Pods Manifest.lock */,
				EA68742D231A1E8F0099DAC4 /* Sources */,
				EA68742E231A1E8F0099DAC4 /* Frameworks */,
				EA68742F231A1E8F0099DAC4 /* Resources */,
				D5A7F205862F1DC4E5339DB4 /* [CP] Embed Pods Frameworks */,
			);
			buildRules = (
			);
			dependencies = (
			);
			name = GraphtasticRoutes;
			productName = GraphtasticRoutes;
			productReference = EA687431231A1E8F0099DAC4 /* GraphtasticRoutes.app */;
			productType = "com.apple.product-type.application";
		};
		EA687444231A1E910099DAC4 /* GraphtasticRoutesTests */ = {
			isa = PBXNativeTarget;
			buildConfigurationList = EA687451231A1E910099DAC4 /* Build configuration list for PBXNativeTarget "GraphtasticRoutesTests" */;
			buildPhases = (
				7CB6D91E7E09FA639B746F78 /* [CP] Check Pods Manifest.lock */,
				EA687441231A1E910099DAC4 /* Sources */,
				EA687442231A1E910099DAC4 /* Frameworks */,
				EA687443231A1E910099DAC4 /* Resources */,
			);
			buildRules = (
			);
			dependencies = (
				EA687447231A1E910099DAC4 /* PBXTargetDependency */,
			);
			name = GraphtasticRoutesTests;
			productName = GraphtasticRoutesTests;
			productReference = EA687445231A1E910099DAC4 /* GraphtasticRoutesTests.xctest */;
			productType = "com.apple.product-type.bundle.unit-test";
		};
/* End PBXNativeTarget section */

/* Begin PBXProject section */
		EA687429231A1E8F0099DAC4 /* Project object */ = {
			isa = PBXProject;
			attributes = {
				LastSwiftUpdateCheck = 1020;
				LastUpgradeCheck = 1020;
				ORGANIZATIONNAME = "Nicholas Cooke";
				TargetAttributes = {
					EA687430231A1E8F0099DAC4 = {
						CreatedOnToolsVersion = 10.2.1;
					};
					EA687444231A1E910099DAC4 = {
						CreatedOnToolsVersion = 10.2.1;
						TestTargetID = EA687430231A1E8F0099DAC4;
					};
				};
			};
			buildConfigurationList = EA68742C231A1E8F0099DAC4 /* Build configuration list for PBXProject "GraphtasticRoutes" */;
			compatibilityVersion = "Xcode 9.3";
			developmentRegion = en;
			hasScannedForEncodings = 0;
			knownRegions = (
				en,
				Base,
			);
			mainGroup = EA687428231A1E8E0099DAC4;
			productRefGroup = EA687432231A1E8F0099DAC4 /* Products */;
			projectDirPath = "";
			projectRoot = "";
			targets = (
				EA687430231A1E8F0099DAC4 /* GraphtasticRoutes */,
				EA687444231A1E910099DAC4 /* GraphtasticRoutesTests */,
			);
		};
/* End PBXProject section */

/* Begin PBXResourcesBuildPhase section */
		EA68742F231A1E8F0099DAC4 /* Resources */ = {
			isa = PBXResourcesBuildPhase;
			buildActionMask = 2147483647;
			files = (
				EA68743C231A1E900099DAC4 /* Assets.xcassets in Resources */,
				EAC92890231CCA84006FF88C /* earth_lottie.json in Resources */,
				EAC9288A231CA5EC006FF88C /* drone_lottie.json in Resources */,
				EAC9289E231E0F2D006FF88C /* LaunchScreen.storyboard in Resources */,
				EAC92892231CDE32006FF88C /* Rationale-Regular.ttf in Resources */,
			);
			runOnlyForDeploymentPostprocessing = 0;
		};
		EA687443231A1E910099DAC4 /* Resources */ = {
			isa = PBXResourcesBuildPhase;
			buildActionMask = 2147483647;
			files = (
			);
			runOnlyForDeploymentPostprocessing = 0;
		};
/* End PBXResourcesBuildPhase section */

/* Begin PBXShellScriptBuildPhase section */
		7CB6D91E7E09FA639B746F78 /* [CP] Check Pods Manifest.lock */ = {
			isa = PBXShellScriptBuildPhase;
			buildActionMask = 2147483647;
			files = (
			);
			inputFileListPaths = (
			);
			inputPaths = (
				"${PODS_PODFILE_DIR_PATH}/Podfile.lock",
				"${PODS_ROOT}/Manifest.lock",
			);
			name = "[CP] Check Pods Manifest.lock";
			outputFileListPaths = (
			);
			outputPaths = (
				"$(DERIVED_FILE_DIR)/Pods-GraphtasticRoutesTests-checkManifestLockResult.txt",
			);
			runOnlyForDeploymentPostprocessing = 0;
			shellPath = /bin/sh;
			shellScript = "diff \"${PODS_PODFILE_DIR_PATH}/Podfile.lock\" \"${PODS_ROOT}/Manifest.lock\" > /dev/null\nif [ $? != 0 ] ; then\n    # print error to STDERR\n    echo \"error: The sandbox is not in sync with the Podfile.lock. Run 'pod install' or update your CocoaPods installation.\" >&2\n    exit 1\nfi\n# This output is used by Xcode 'outputs' to avoid re-running this script phase.\necho \"SUCCESS\" > \"${SCRIPT_OUTPUT_FILE_0}\"\n";
			showEnvVarsInLog = 0;
		};
		B55A7F6EA62366222BD6BA41 /* [CP] Check Pods Manifest.lock */ = {
			isa = PBXShellScriptBuildPhase;
			buildActionMask = 2147483647;
			files = (
			);
			inputFileListPaths = (
			);
			inputPaths = (
				"${PODS_PODFILE_DIR_PATH}/Podfile.lock",
				"${PODS_ROOT}/Manifest.lock",
			);
			name = "[CP] Check Pods Manifest.lock";
			outputFileListPaths = (
			);
			outputPaths = (
				"$(DERIVED_FILE_DIR)/Pods-GraphtasticRoutes-checkManifestLockResult.txt",
			);
			runOnlyForDeploymentPostprocessing = 0;
			shellPath = /bin/sh;
			shellScript = "diff \"${PODS_PODFILE_DIR_PATH}/Podfile.lock\" \"${PODS_ROOT}/Manifest.lock\" > /dev/null\nif [ $? != 0 ] ; then\n    # print error to STDERR\n    echo \"error: The sandbox is not in sync with the Podfile.lock. Run 'pod install' or update your CocoaPods installation.\" >&2\n    exit 1\nfi\n# This output is used by Xcode 'outputs' to avoid re-running this script phase.\necho \"SUCCESS\" > \"${SCRIPT_OUTPUT_FILE_0}\"\n";
			showEnvVarsInLog = 0;
		};
		D5A7F205862F1DC4E5339DB4 /* [CP] Embed Pods Frameworks */ = {
			isa = PBXShellScriptBuildPhase;
			buildActionMask = 2147483647;
			files = (
			);
			inputFileListPaths = (
			);
			inputPaths = (
				"${PODS_ROOT}/Target Support Files/Pods-GraphtasticRoutes/Pods-GraphtasticRoutes-frameworks.sh",
				"${BUILT_PRODUCTS_DIR}/lottie-ios/Lottie.framework",
			);
			name = "[CP] Embed Pods Frameworks";
			outputFileListPaths = (
			);
			outputPaths = (
				"${TARGET_BUILD_DIR}/${FRAMEWORKS_FOLDER_PATH}/Lottie.framework",
			);
			runOnlyForDeploymentPostprocessing = 0;
			shellPath = /bin/sh;
			shellScript = "\"${PODS_ROOT}/Target Support Files/Pods-GraphtasticRoutes/Pods-GraphtasticRoutes-frameworks.sh\"\n";
			showEnvVarsInLog = 0;
		};
/* End PBXShellScriptBuildPhase section */

/* Begin PBXSourcesBuildPhase section */
		EA68742D231A1E8F0099DAC4 /* Sources */ = {
			isa = PBXSourcesBuildPhase;
			buildActionMask = 2147483647;
			files = (
				EA109E562320F1CB00C315E5 /* BubbleView.swift in Sources */,
				EA687457231A20FC0099DAC4 /* Graph.swift in Sources */,
				EA687475231C439B0099DAC4 /* Graphs.swift in Sources */,
				EA109E5C2320FBE700C315E5 /* AnimatedLabel.swift in Sources */,
				EA109E5A2320F22A00C315E5 /* Dot.swift in Sources */,
				EA687437231A1E8F0099DAC4 /* ViewController.swift in Sources */,
				EA687473231C21C20099DAC4 /* Edge.swift in Sources */,
				EA109E522320F09300C315E5 /* CircleAnnotation.swift in Sources */,
				EA109E542320F0DF00C315E5 /* VertexPointAnnotation.swift in Sources */,
				EA687435231A1E8F0099DAC4 /* AppDelegate.swift in Sources */,
				EA687455231A1F560099DAC4 /* Vertex.swift in Sources */,
				EA687479231C73460099DAC4 /* LocationVertexImplentation.swift in Sources */,
				EAC92894231CE417006FF88C /* SplashView.swift in Sources */,
				EAC9289C231DB538006FF88C /* CustomButton.swift in Sources */,
				EAC9289A231D9269006FF88C /* GradientView.swift in Sources */,
				EA687477231C479A0099DAC4 /* Locations.swift in Sources */,
				EA687471231B64060099DAC4 /* HoverColors.swift in Sources */,
			);
			runOnlyForDeploymentPostprocessing = 0;
		};
		EA687441231A1E910099DAC4 /* Sources */ = {
			isa = PBXSourcesBuildPhase;
			buildActionMask = 2147483647;
			files = (
				EA68744A231A1E910099DAC4 /* GraphtasticRoutesTests.swift in Sources */,
			);
			runOnlyForDeploymentPostprocessing = 0;
		};
/* End PBXSourcesBuildPhase section */

/* Begin PBXTargetDependency section */
		EA687447231A1E910099DAC4 /* PBXTargetDependency */ = {
			isa = PBXTargetDependency;
			target = EA687430231A1E8F0099DAC4 /* GraphtasticRoutes */;
			targetProxy = EA687446231A1E910099DAC4 /* PBXContainerItemProxy */;
		};
/* End PBXTargetDependency section */

/* Begin XCBuildConfiguration section */
		EA68744C231A1E910099DAC4 /* Debug */ = {
			isa = XCBuildConfiguration;
			buildSettings = {
				ALWAYS_SEARCH_USER_PATHS = NO;
				CLANG_ANALYZER_NONNULL = YES;
				CLANG_ANALYZER_NUMBER_OBJECT_CONVERSION = YES_AGGRESSIVE;
				CLANG_CXX_LANGUAGE_STANDARD = "gnu++14";
				CLANG_CXX_LIBRARY = "libc++";
				CLANG_ENABLE_MODULES = YES;
				CLANG_ENABLE_OBJC_ARC = YES;
				CLANG_ENABLE_OBJC_WEAK = YES;
				CLANG_WARN_BLOCK_CAPTURE_AUTORELEASING = YES;
				CLANG_WARN_BOOL_CONVERSION = YES;
				CLANG_WARN_COMMA = YES;
				CLANG_WARN_CONSTANT_CONVERSION = YES;
				CLANG_WARN_DEPRECATED_OBJC_IMPLEMENTATIONS = YES;
				CLANG_WARN_DIRECT_OBJC_ISA_USAGE = YES_ERROR;
				CLANG_WARN_DOCUMENTATION_COMMENTS = YES;
				CLANG_WARN_EMPTY_BODY = YES;
				CLANG_WARN_ENUM_CONVERSION = YES;
				CLANG_WARN_INFINITE_RECURSION = YES;
				CLANG_WARN_INT_CONVERSION = YES;
				CLANG_WARN_NON_LITERAL_NULL_CONVERSION = YES;
				CLANG_WARN_OBJC_IMPLICIT_RETAIN_SELF = YES;
				CLANG_WARN_OBJC_LITERAL_CONVERSION = YES;
				CLANG_WARN_OBJC_ROOT_CLASS = YES_ERROR;
				CLANG_WARN_RANGE_LOOP_ANALYSIS = YES;
				CLANG_WARN_STRICT_PROTOTYPES = YES;
				CLANG_WARN_SUSPICIOUS_MOVE = YES;
				CLANG_WARN_UNGUARDED_AVAILABILITY = YES_AGGRESSIVE;
				CLANG_WARN_UNREACHABLE_CODE = YES;
				CLANG_WARN__DUPLICATE_METHOD_MATCH = YES;
				CODE_SIGN_IDENTITY = "iPhone Developer";
				COPY_PHASE_STRIP = NO;
				DEBUG_INFORMATION_FORMAT = dwarf;
				ENABLE_STRICT_OBJC_MSGSEND = YES;
				ENABLE_TESTABILITY = YES;
				GCC_C_LANGUAGE_STANDARD = gnu11;
				GCC_DYNAMIC_NO_PIC = NO;
				GCC_NO_COMMON_BLOCKS = YES;
				GCC_OPTIMIZATION_LEVEL = 0;
				GCC_PREPROCESSOR_DEFINITIONS = (
					"DEBUG=1",
					"$(inherited)",
				);
				GCC_WARN_64_TO_32_BIT_CONVERSION = YES;
				GCC_WARN_ABOUT_RETURN_TYPE = YES_ERROR;
				GCC_WARN_UNDECLARED_SELECTOR = YES;
				GCC_WARN_UNINITIALIZED_AUTOS = YES_AGGRESSIVE;
				GCC_WARN_UNUSED_FUNCTION = YES;
				GCC_WARN_UNUSED_VARIABLE = YES;
				IPHONEOS_DEPLOYMENT_TARGET = 12.2;
				MTL_ENABLE_DEBUG_INFO = INCLUDE_SOURCE;
				MTL_FAST_MATH = YES;
				ONLY_ACTIVE_ARCH = YES;
				SDKROOT = iphoneos;
				SWIFT_ACTIVE_COMPILATION_CONDITIONS = DEBUG;
				SWIFT_OPTIMIZATION_LEVEL = "-Onone";
			};
			name = Debug;
		};
		EA68744D231A1E910099DAC4 /* Release */ = {
			isa = XCBuildConfiguration;
			buildSettings = {
				ALWAYS_SEARCH_USER_PATHS = NO;
				CLANG_ANALYZER_NONNULL = YES;
				CLANG_ANALYZER_NUMBER_OBJECT_CONVERSION = YES_AGGRESSIVE;
				CLANG_CXX_LANGUAGE_STANDARD = "gnu++14";
				CLANG_CXX_LIBRARY = "libc++";
				CLANG_ENABLE_MODULES = YES;
				CLANG_ENABLE_OBJC_ARC = YES;
				CLANG_ENABLE_OBJC_WEAK = YES;
				CLANG_WARN_BLOCK_CAPTURE_AUTORELEASING = YES;
				CLANG_WARN_BOOL_CONVERSION = YES;
				CLANG_WARN_COMMA = YES;
				CLANG_WARN_CONSTANT_CONVERSION = YES;
				CLANG_WARN_DEPRECATED_OBJC_IMPLEMENTATIONS = YES;
				CLANG_WARN_DIRECT_OBJC_ISA_USAGE = YES_ERROR;
				CLANG_WARN_DOCUMENTATION_COMMENTS = YES;
				CLANG_WARN_EMPTY_BODY = YES;
				CLANG_WARN_ENUM_CONVERSION = YES;
				CLANG_WARN_INFINITE_RECURSION = YES;
				CLANG_WARN_INT_CONVERSION = YES;
				CLANG_WARN_NON_LITERAL_NULL_CONVERSION = YES;
				CLANG_WARN_OBJC_IMPLICIT_RETAIN_SELF = YES;
				CLANG_WARN_OBJC_LITERAL_CONVERSION = YES;
				CLANG_WARN_OBJC_ROOT_CLASS = YES_ERROR;
				CLANG_WARN_RANGE_LOOP_ANALYSIS = YES;
				CLANG_WARN_STRICT_PROTOTYPES = YES;
				CLANG_WARN_SUSPICIOUS_MOVE = YES;
				CLANG_WARN_UNGUARDED_AVAILABILITY = YES_AGGRESSIVE;
				CLANG_WARN_UNREACHABLE_CODE = YES;
				CLANG_WARN__DUPLICATE_METHOD_MATCH = YES;
				CODE_SIGN_IDENTITY = "iPhone Developer";
				COPY_PHASE_STRIP = NO;
				DEBUG_INFORMATION_FORMAT = "dwarf-with-dsym";
				ENABLE_NS_ASSERTIONS = NO;
				ENABLE_STRICT_OBJC_MSGSEND = YES;
				GCC_C_LANGUAGE_STANDARD = gnu11;
				GCC_NO_COMMON_BLOCKS = YES;
				GCC_WARN_64_TO_32_BIT_CONVERSION = YES;
				GCC_WARN_ABOUT_RETURN_TYPE = YES_ERROR;
				GCC_WARN_UNDECLARED_SELECTOR = YES;
				GCC_WARN_UNINITIALIZED_AUTOS = YES_AGGRESSIVE;
				GCC_WARN_UNUSED_FUNCTION = YES;
				GCC_WARN_UNUSED_VARIABLE = YES;
				IPHONEOS_DEPLOYMENT_TARGET = 12.2;
				MTL_ENABLE_DEBUG_INFO = NO;
				MTL_FAST_MATH = YES;
				SDKROOT = iphoneos;
				SWIFT_COMPILATION_MODE = wholemodule;
				SWIFT_OPTIMIZATION_LEVEL = "-O";
				VALIDATE_PRODUCT = YES;
			};
			name = Release;
		};
		EA68744F231A1E910099DAC4 /* Debug */ = {
			isa = XCBuildConfiguration;
			baseConfigurationReference = 4F85684DAF27468AA70EEA8D /* Pods-GraphtasticRoutes.debug.xcconfig */;
			buildSettings = {
				ASSETCATALOG_COMPILER_APPICON_NAME = AppIcon;
				CODE_SIGN_IDENTITY = "iPhone Developer";
				CODE_SIGN_STYLE = Automatic;
				DEVELOPMENT_TEAM = K2A6VGGX23;
				INFOPLIST_FILE = GraphtasticRoutes/Info.plist;
				LD_RUNPATH_SEARCH_PATHS = (
					"$(inherited)",
					"@executable_path/Frameworks",
				);
				PRODUCT_BUNDLE_IDENTIFIER = com.ncooke.GraphtasticRoutes;
				PRODUCT_NAME = "$(TARGET_NAME)";
				PROVISIONING_PROFILE_SPECIFIER = "";
				SWIFT_VERSION = 5.0;
				TARGETED_DEVICE_FAMILY = "1,2";
			};
			name = Debug;
		};
		EA687450231A1E910099DAC4 /* Release */ = {
			isa = XCBuildConfiguration;
			baseConfigurationReference = 2AD57B071170047FEB411DFD /* Pods-GraphtasticRoutes.release.xcconfig */;
			buildSettings = {
				ASSETCATALOG_COMPILER_APPICON_NAME = AppIcon;
				CODE_SIGN_IDENTITY = "iPhone Developer";
				CODE_SIGN_STYLE = Automatic;
				DEVELOPMENT_TEAM = K2A6VGGX23;
				INFOPLIST_FILE = GraphtasticRoutes/Info.plist;
				LD_RUNPATH_SEARCH_PATHS = (
					"$(inherited)",
					"@executable_path/Frameworks",
				);
				PRODUCT_BUNDLE_IDENTIFIER = com.ncooke.GraphtasticRoutes;
				PRODUCT_NAME = "$(TARGET_NAME)";
				PROVISIONING_PROFILE_SPECIFIER = "";
				SWIFT_VERSION = 5.0;
				TARGETED_DEVICE_FAMILY = "1,2";
			};
			name = Release;
		};
		EA687452231A1E910099DAC4 /* Debug */ = {
			isa = XCBuildConfiguration;
			baseConfigurationReference = F3C8DD95DF33195ACCF6694D /* Pods-GraphtasticRoutesTests.debug.xcconfig */;
			buildSettings = {
				ALWAYS_EMBED_SWIFT_STANDARD_LIBRARIES = YES;
				BUNDLE_LOADER = "$(TEST_HOST)";
				CODE_SIGN_STYLE = Automatic;
				DEVELOPMENT_TEAM = K2A6VGGX23;
				INFOPLIST_FILE = GraphtasticRoutesTests/Info.plist;
				LD_RUNPATH_SEARCH_PATHS = (
					"$(inherited)",
					"@executable_path/Frameworks",
					"@loader_path/Frameworks",
				);
				PRODUCT_BUNDLE_IDENTIFIER = com.ncooke.GraphtasticRoutesTests;
				PRODUCT_NAME = "$(TARGET_NAME)";
				SWIFT_VERSION = 5.0;
				TARGETED_DEVICE_FAMILY = "1,2";
				TEST_HOST = "$(BUILT_PRODUCTS_DIR)/GraphtasticRoutes.app/GraphtasticRoutes";
			};
			name = Debug;
		};
		EA687453231A1E910099DAC4 /* Release */ = {
			isa = XCBuildConfiguration;
			baseConfigurationReference = 671AD0B65AC0F8DA8911D9C0 /* Pods-GraphtasticRoutesTests.release.xcconfig */;
			buildSettings = {
				ALWAYS_EMBED_SWIFT_STANDARD_LIBRARIES = YES;
				BUNDLE_LOADER = "$(TEST_HOST)";
				CODE_SIGN_STYLE = Automatic;
				DEVELOPMENT_TEAM = K2A6VGGX23;
				INFOPLIST_FILE = GraphtasticRoutesTests/Info.plist;
				LD_RUNPATH_SEARCH_PATHS = (
					"$(inherited)",
					"@executable_path/Frameworks",
					"@loader_path/Frameworks",
				);
				PRODUCT_BUNDLE_IDENTIFIER = com.ncooke.GraphtasticRoutesTests;
				PRODUCT_NAME = "$(TARGET_NAME)";
				SWIFT_VERSION = 5.0;
				TARGETED_DEVICE_FAMILY = "1,2";
				TEST_HOST = "$(BUILT_PRODUCTS_DIR)/GraphtasticRoutes.app/GraphtasticRoutes";
			};
			name = Release;
		};
/* End XCBuildConfiguration section */

/* Begin XCConfigurationList section */
		EA68742C231A1E8F0099DAC4 /* Build configuration list for PBXProject "GraphtasticRoutes" */ = {
			isa = XCConfigurationList;
			buildConfigurations = (
				EA68744C231A1E910099DAC4 /* Debug */,
				EA68744D231A1E910099DAC4 /* Release */,
			);
			defaultConfigurationIsVisible = 0;
			defaultConfigurationName = Release;
		};
		EA68744E231A1E910099DAC4 /* Build configuration list for PBXNativeTarget "GraphtasticRoutes" */ = {
			isa = XCConfigurationList;
			buildConfigurations = (
				EA68744F231A1E910099DAC4 /* Debug */,
				EA687450231A1E910099DAC4 /* Release */,
			);
			defaultConfigurationIsVisible = 0;
			defaultConfigurationName = Release;
		};
		EA687451231A1E910099DAC4 /* Build configuration list for PBXNativeTarget "GraphtasticRoutesTests" */ = {
			isa = XCConfigurationList;
			buildConfigurations = (
				EA687452231A1E910099DAC4 /* Debug */,
				EA687453231A1E910099DAC4 /* Release */,
			);
			defaultConfigurationIsVisible = 0;
			defaultConfigurationName = Release;
		};
/* End XCConfigurationList section */
	};
	rootObject = EA687429231A1E8F0099DAC4 /* Project object */;
}
